// !$*UTF8*$!
{
 archiveVersion = 1;
 classes = {};
 objectVersion = 60;
 objects = {
		F97CF69EBCECD7C6E8FA7EC1 = { isa = PBXFileReference; lastKnownFileType = sourcecode.swift; path = "DLSMagician/APIClient.swift"; sourceTree = SOURCE_ROOT; };
		B1CADB2ADC7EE0C7114F2E55 = { isa = PBXBuildFile; fileRef = F97CF69EBCECD7C6E8FA7EC1; };
		D029C2F63FE3B9E38213233F = { isa = PBXFileReference; lastKnownFileType = sourcecode.swift; path = "DLSMagician/AppConfiguration.swift"; sourceTree = SOURCE_ROOT; };
		EBC43FED3246D4576794AF95 = { isa = PBXBuildFile; fileRef = D029C2F63FE3B9E38213233F; };
		9BC2B336F3EBC0382A48F448 = { isa = PBXFileReference; lastKnownFileType = sourcecode.swift; path = "DLSMagician/AppModel.swift"; sourceTree = SOURCE_ROOT; };
		B444493EC7EEDAC0E0CDA8A5 = { isa = PBXBuildFile; fileRef = 9BC2B336F3EBC0382A48F448; };
		5DF25D608E7C91A814E3B767 = { isa = PBXFileReference; lastKnownFileType = sourcecode.swift; path = "DLSMagician/AuthService.swift"; sourceTree = SOURCE_ROOT; };
		ED6BCA752F0CA04A99C6FCB7 = { isa = PBXBuildFile; fileRef = 5DF25D608E7C91A814E3B767; };
		CD411CF8C9101450FFA65C71 = { isa = PBXFileReference; lastKnownFileType = sourcecode.swift; path = "DLSMagician/AuthenticationBrowser.swift"; sourceTree = SOURCE_ROOT; };
		6E77F3CAF088E3A94C373E67 = { isa = PBXBuildFile; fileRef = CD411CF8C9101450FFA65C71; };
		FFF813FED20C69DC834D381E = { isa = PBXFileReference; lastKnownFileType = sourcecode.swift; path = "DLSMagician/DLSComponents.swift"; sourceTree = SOURCE_ROOT; };
		11A74315984384C1315852A7 = { isa = PBXBuildFile; fileRef = FFF813FED20C69DC834D381E; };
		4AE8EBF4132E9D6D70DE10BA = { isa = PBXFileReference; lastKnownFileType = sourcecode.swift; path = "DLSMagician/DLSMagicianApp.swift"; sourceTree = SOURCE_ROOT; };
		98CF956DE6A5471620F7DDBC = { isa = PBXBuildFile; fileRef = 4AE8EBF4132E9D6D70DE10BA; };
		76EBBF674526B4D418A77479 = { isa = PBXFileReference; lastKnownFileType = sourcecode.swift; path = "DLSMagician/DLSTheme.swift"; sourceTree = SOURCE_ROOT; };
		97AD6567DA6D7198F719DE1F = { isa = PBXBuildFile; fileRef = 76EBBF674526B4D418A77479; };
		73A9530AD540B408E0AA1984 = { isa = PBXFileReference; lastKnownFileType = sourcecode.swift; path = "DLSMagician/DraftStore.swift"; sourceTree = SOURCE_ROOT; };
		86A0C48A893F7ED0C1F6951A = { isa = PBXBuildFile; fileRef = 73A9530AD540B408E0AA1984; };
		D8933D05CCD997A7B567DECA = { isa = PBXFileReference; lastKnownFileType = sourcecode.swift; path = "DLSMagician/LoginView.swift"; sourceTree = SOURCE_ROOT; };
		D1B02481C357D0EE27F2DE29 = { isa = PBXBuildFile; fileRef = D8933D05CCD997A7B567DECA; };
		58FC916755F1FDC50FE6A5E5 = { isa = PBXFileReference; lastKnownFileType = sourcecode.swift; path = "DLSMagician/Models.swift"; sourceTree = SOURCE_ROOT; };
		6348FC98ACF0036AEF57A4E8 = { isa = PBXBuildFile; fileRef = 58FC916755F1FDC50FE6A5E5; };
		5D9756B74910355BB36E8E6F = { isa = PBXFileReference; lastKnownFileType = sourcecode.swift; path = "DLSMagician/ProjectEditorView.swift"; sourceTree = SOURCE_ROOT; };
		ABBDB5831334AFE2B2E975E5 = { isa = PBXBuildFile; fileRef = 5D9756B74910355BB36E8E6F; };
		B1ACE76258FCE502D7CA6AA8 = { isa = PBXFileReference; lastKnownFileType = sourcecode.swift; path = "DLSMagician/SecureStore.swift"; sourceTree = SOURCE_ROOT; };
		2B694688E3310238601919B9 = { isa = PBXBuildFile; fileRef = B1ACE76258FCE502D7CA6AA8; };
		FB7A92C4F8570FDBA29D9DDF = { isa = PBXFileReference; lastKnownFileType = sourcecode.swift; path = "DLSMagician/WorkspaceView.swift"; sourceTree = SOURCE_ROOT; };
		098B4C9A6F4A7BB063E02E8A = { isa = PBXBuildFile; fileRef = FB7A92C4F8570FDBA29D9DDF; };
		3D2918CD82E775F024F0F164 = { isa = PBXFileReference; lastKnownFileType = sourcecode.swift; path = "DLSMagicianTests/NativeContractTests.swift"; sourceTree = SOURCE_ROOT; };
		10BD849212924F232132D1CE = { isa = PBXBuildFile; fileRef = 3D2918CD82E775F024F0F164; };
		830ED457C2D74801E5D053C2 = { isa = PBXFileReference; lastKnownFileType = sourcecode.swift; path = "DLSMagicianUITests/LoginSmokeTests.swift"; sourceTree = SOURCE_ROOT; };
		10245C195E0F97EF05C056DE = { isa = PBXBuildFile; fileRef = 830ED457C2D74801E5D053C2; };
		E8F8ACB47B0FF6FEE2EF3E6B = { isa = PBXFileReference; lastKnownFileType = folder.assetcatalog; path = "DLSMagician/Assets.xcassets"; sourceTree = SOURCE_ROOT; };
		EB89EACA467D67D525B7B82A = { isa = PBXFileReference; lastKnownFileType = text.plist.xml; path = "DLSMagician/Info.plist"; sourceTree = SOURCE_ROOT; };
		FB90684E69A6C96ED866993E = { isa = PBXBuildFile; fileRef = E8F8ACB47B0FF6FEE2EF3E6B; };
		4E783A9E10D2A8ABA38CD11C = { isa = PBXFileReference; explicitFileType = wrapper.application; path = DLSMagician.app; sourceTree = BUILT_PRODUCTS_DIR; };
		6C7CCDEB3609F1FAA874E941 = { isa = PBXFileReference; explicitFileType = wrapper.cfbundle; path = DLSMagicianTests.xctest; sourceTree = BUILT_PRODUCTS_DIR; };
		9B7BED31F6F48AD5D908B2BC = { isa = PBXFileReference; explicitFileType = wrapper.cfbundle; path = DLSMagicianUITests.xctest; sourceTree = BUILT_PRODUCTS_DIR; };
		0F2612BBE722F8B97292B1A7 = { isa = PBXGroup; name = DLSMagicianUITests; children = (830ED457C2D74801E5D053C2, ); sourceTree = "<group>"; };
		3C3B0F03DC089F93B8457928 = { isa = PBXGroup; name = DLSMagician; children = (F97CF69EBCECD7C6E8FA7EC1, D029C2F63FE3B9E38213233F, 9BC2B336F3EBC0382A48F448, 5DF25D608E7C91A814E3B767, CD411CF8C9101450FFA65C71, FFF813FED20C69DC834D381E, 4AE8EBF4132E9D6D70DE10BA, 76EBBF674526B4D418A77479, 73A9530AD540B408E0AA1984, D8933D05CCD997A7B567DECA, 58FC916755F1FDC50FE6A5E5, 5D9756B74910355BB36E8E6F, B1ACE76258FCE502D7CA6AA8, FB7A92C4F8570FDBA29D9DDF, E8F8ACB47B0FF6FEE2EF3E6B, EB89EACA467D67D525B7B82A, ); sourceTree = "<group>"; };
		E717C295FF9827DFF805D88B = { isa = PBXGroup; name = DLSMagicianTests; children = (3D2918CD82E775F024F0F164, ); sourceTree = "<group>"; };
		FBDC4F23F93125BBEEAE800C = { isa = PBXGroup; name = Products; children = (4E783A9E10D2A8ABA38CD11C, 6C7CCDEB3609F1FAA874E941, 9B7BED31F6F48AD5D908B2BC, ); sourceTree = "<group>"; };
		870B3294C0CBD48AF6BBCC1B = { isa = PBXGroup; children = (3C3B0F03DC089F93B8457928, E717C295FF9827DFF805D88B, 0F2612BBE722F8B97292B1A7, FBDC4F23F93125BBEEAE800C, ); sourceTree = "<group>"; };
		D69C3AEDFA58492604D62FDB = { isa = XCRemoteSwiftPackageReference; repositoryURL = "https://github.com/supabase/supabase-swift.git"; requirement = { kind = exactVersion; version = 2.55.3; }; };
		F31796293139A0DC20C35FFB = { isa = XCSwiftPackageProductDependency; package = D69C3AEDFA58492604D62FDB; productName = Auth; };
		7DD0A3266EE2CDD6BD046B49 = { isa = PBXBuildFile; productRef = F31796293139A0DC20C35FFB; };
		949D493B91791558E87BC5D7 = { isa = PBXSourcesBuildPhase; buildActionMask = 2147483647; files = (B1CADB2ADC7EE0C7114F2E55, EBC43FED3246D4576794AF95, B444493EC7EEDAC0E0CDA8A5, ED6BCA752F0CA04A99C6FCB7, 6E77F3CAF088E3A94C373E67, 11A74315984384C1315852A7, 98CF956DE6A5471620F7DDBC, 97AD6567DA6D7198F719DE1F, 86A0C48A893F7ED0C1F6951A, D1B02481C357D0EE27F2DE29, 6348FC98ACF0036AEF57A4E8, ABBDB5831334AFE2B2E975E5, 2B694688E3310238601919B9, 098B4C9A6F4A7BB063E02E8A, ); runOnlyForDeploymentPostprocessing = 0; };
		BD92572B49AC16A86614498D = { isa = PBXFrameworksBuildPhase; buildActionMask = 2147483647; files = (7DD0A3266EE2CDD6BD046B49, ); runOnlyForDeploymentPostprocessing = 0; };
		8ECC8B5D05B79F879ACDF1A2 = { isa = PBXResourcesBuildPhase; buildActionMask = 2147483647; files = (FB90684E69A6C96ED866993E, ); runOnlyForDeploymentPostprocessing = 0; };
		77A03FEE20FE96AD9384861E = { isa = PBXSourcesBuildPhase; buildActionMask = 2147483647; files = (10BD849212924F232132D1CE, ); runOnlyForDeploymentPostprocessing = 0; };
		E05DB79C430AA1B0BA487AFC = { isa = PBXFrameworksBuildPhase; buildActionMask = 2147483647; files = (); runOnlyForDeploymentPostprocessing = 0; };
		D5C76E148680C094C001AC35 = { isa = PBXResourcesBuildPhase; buildActionMask = 2147483647; files = (); runOnlyForDeploymentPostprocessing = 0; };
		F9ACDEB529017EFC18F5E60A = { isa = PBXSourcesBuildPhase; buildActionMask = 2147483647; files = (10245C195E0F97EF05C056DE, ); runOnlyForDeploymentPostprocessing = 0; };
		39F831DAFE5A2F37503C83B2 = { isa = PBXFrameworksBuildPhase; buildActionMask = 2147483647; files = (); runOnlyForDeploymentPostprocessing = 0; };
		19F0976CA299F93A2DFF5F71 = { isa = PBXResourcesBuildPhase; buildActionMask = 2147483647; files = (); runOnlyForDeploymentPostprocessing = 0; };
		7E85D4A68785761E1DBB22D8 = { isa = PBXContainerItemProxy; containerPortal = 98F54143AB4E86B28C3AFEE0; proxyType = 1; remoteGlobalIDString = F75109BEB4DD8800DA6B45F8; remoteInfo = DLSMagician; };
		BAE932EF166B50AB877FDC6F = { isa = PBXTargetDependency; target = F75109BEB4DD8800DA6B45F8; targetProxy = 7E85D4A68785761E1DBB22D8; };
		F75109BEB4DD8800DA6B45F8 = { isa = PBXNativeTarget; buildConfigurationList = 268D2D29669C504AD910B275; buildPhases = (949D493B91791558E87BC5D7, BD92572B49AC16A86614498D, 8ECC8B5D05B79F879ACDF1A2, ); buildRules = (); dependencies = (); name = DLSMagician; packageProductDependencies = (F31796293139A0DC20C35FFB, ); productName = DLSMagician; productReference = 4E783A9E10D2A8ABA38CD11C; productType = "com.apple.product-type.application"; };
		C062A5A4A7F4F37DD90F54CB = { isa = PBXNativeTarget; buildConfigurationList = D54537A1E0B78DECB3F131F4; buildPhases = (77A03FEE20FE96AD9384861E, E05DB79C430AA1B0BA487AFC, D5C76E148680C094C001AC35, ); buildRules = (); dependencies = (BAE932EF166B50AB877FDC6F, ); name = DLSMagicianTests; productName = DLSMagicianTests; productReference = 6C7CCDEB3609F1FAA874E941; productType = "com.apple.product-type.bundle.unit-test"; };
		794AAC98ACE6EB716B86C3A5 = { isa = PBXNativeTarget; buildConfigurationList = 49A6CD41A58AA10A9802997E; buildPhases = (F9ACDEB529017EFC18F5E60A, 39F831DAFE5A2F37503C83B2, 19F0976CA299F93A2DFF5F71, ); buildRules = (); dependencies = (BAE932EF166B50AB877FDC6F, ); name = DLSMagicianUITests; productName = DLSMagicianUITests; productReference = 9B7BED31F6F48AD5D908B2BC; productType = "com.apple.product-type.bundle.ui-testing"; };
		ED8772ADEC3A6C25161BC957 = { isa = XCBuildConfiguration; name = Debug; buildSettings = { CLANG_ENABLE_MODULES = YES; IPHONEOS_DEPLOYMENT_TARGET = 16.0; SDKROOT = iphoneos; SWIFT_VERSION = 5.0; TARGETED_DEVICE_FAMILY = "1,2"; CLANG_ENABLE_OBJC_ARC = YES; SWIFT_OPTIMIZATION_LEVEL = "-Onone"; ENABLE_TESTABILITY = YES; }; };
		F8975E934DA2067E0E497395 = { isa = XCBuildConfiguration; name = Debug; buildSettings = { CLANG_ENABLE_MODULES = YES; IPHONEOS_DEPLOYMENT_TARGET = 16.0; SDKROOT = iphoneos; SWIFT_VERSION = 5.0; TARGETED_DEVICE_FAMILY = "1,2"; ASSETCATALOG_COMPILER_APPICON_NAME = AppIcon; CODE_SIGN_STYLE = Automatic; DEVELOPMENT_TEAM = CRFM39M63R; CURRENT_PROJECT_VERSION = 1; MARKETING_VERSION = 1.0; PRODUCT_BUNDLE_IDENTIFIER = design.zhenli.dlsmagician; PRODUCT_NAME = "$(TARGET_NAME)"; INFOPLIST_FILE = DLSMagician/Info.plist; GENERATE_INFOPLIST_FILE = NO; SWIFT_EMIT_LOC_STRINGS = YES; }; };
		C449802CFC00FE43A29E0F19 = { isa = XCBuildConfiguration; name = Debug; buildSettings = { CLANG_ENABLE_MODULES = YES; IPHONEOS_DEPLOYMENT_TARGET = 16.0; SDKROOT = iphoneos; SWIFT_VERSION = 5.0; TARGETED_DEVICE_FAMILY = "1,2"; GENERATE_INFOPLIST_FILE = YES; PRODUCT_BUNDLE_IDENTIFIER = design.zhenli.dlsmagician.tests; PRODUCT_NAME = "$(TARGET_NAME)"; BUNDLE_LOADER = "$(TEST_HOST)"; TEST_HOST = "$(BUILT_PRODUCTS_DIR)/DLSMagician.app/$(BUNDLE_EXECUTABLE_FOLDER_PATH)/DLSMagician"; }; };
		BAC435B037607B50C4729BF1 = { isa = XCBuildConfiguration; name = Debug; buildSettings = { CLANG_ENABLE_MODULES = YES; IPHONEOS_DEPLOYMENT_TARGET = 16.0; SDKROOT = iphoneos; SWIFT_VERSION = 5.0; TARGETED_DEVICE_FAMILY = "1,2"; GENERATE_INFOPLIST_FILE = YES; PRODUCT_BUNDLE_IDENTIFIER = design.zhenli.dlsmagician.uitests; PRODUCT_NAME = "$(TARGET_NAME)"; TEST_TARGET_NAME = DLSMagician; CODE_SIGN_STYLE = Automatic; }; };
		00F209874A1F7309F6DCEAA7 = { isa = XCBuildConfiguration; name = Release; buildSettings = { CLANG_ENABLE_MODULES = YES; IPHONEOS_DEPLOYMENT_TARGET = 16.0; SDKROOT = iphoneos; SWIFT_VERSION = 5.0; TARGETED_DEVICE_FAMILY = "1,2"; CLANG_ENABLE_OBJC_ARC = YES; SWIFT_OPTIMIZATION_LEVEL = "-O"; ENABLE_TESTABILITY = NO; }; };
		F72D4F08E84CA4C7F809A7CF = { isa = XCBuildConfiguration; name = Release; buildSettings = { CLANG_ENABLE_MODULES = YES; IPHONEOS_DEPLOYMENT_TARGET = 16.0; SDKROOT = iphoneos; SWIFT_VERSION = 5.0; TARGETED_DEVICE_FAMILY = "1,2"; ASSETCATALOG_COMPILER_APPICON_NAME = AppIcon; CODE_SIGN_STYLE = Automatic; DEVELOPMENT_TEAM = CRFM39M63R; CURRENT_PROJECT_VERSION = 1; MARKETING_VERSION = 1.0; PRODUCT_BUNDLE_IDENTIFIER = design.zhenli.dlsmagician; PRODUCT_NAME = "$(TARGET_NAME)"; INFOPLIST_FILE = DLSMagician/Info.plist; GENERATE_INFOPLIST_FILE = NO; SWIFT_EMIT_LOC_STRINGS = YES; }; };
		C4D458CFDB61996E24F4F16F = { isa = XCBuildConfiguration; name = Release; buildSettings = { CLANG_ENABLE_MODULES = YES; IPHONEOS_DEPLOYMENT_TARGET = 16.0; SDKROOT = iphoneos; SWIFT_VERSION = 5.0; TARGETED_DEVICE_FAMILY = "1,2"; GENERATE_INFOPLIST_FILE = YES; PRODUCT_BUNDLE_IDENTIFIER = design.zhenli.dlsmagician.tests; PRODUCT_NAME = "$(TARGET_NAME)"; BUNDLE_LOADER = "$(TEST_HOST)"; TEST_HOST = "$(BUILT_PRODUCTS_DIR)/DLSMagician.app/$(BUNDLE_EXECUTABLE_FOLDER_PATH)/DLSMagician"; }; };
		5DE0B96147C56CE7EB664EA3 = { isa = XCBuildConfiguration; name = Release; buildSettings = { CLANG_ENABLE_MODULES = YES; IPHONEOS_DEPLOYMENT_TARGET = 16.0; SDKROOT = iphoneos; SWIFT_VERSION = 5.0; TARGETED_DEVICE_FAMILY = "1,2"; GENERATE_INFOPLIST_FILE = YES; PRODUCT_BUNDLE_IDENTIFIER = design.zhenli.dlsmagician.uitests; PRODUCT_NAME = "$(TARGET_NAME)"; TEST_TARGET_NAME = DLSMagician; CODE_SIGN_STYLE = Automatic; }; };
		268D2D29669C504AD910B275 = { isa = XCConfigurationList; buildConfigurations = (F8975E934DA2067E0E497395, F72D4F08E84CA4C7F809A7CF, ); defaultConfigurationIsVisible = 0; defaultConfigurationName = Release; };
		D54537A1E0B78DECB3F131F4 = { isa = XCConfigurationList; buildConfigurations = (C449802CFC00FE43A29E0F19, C4D458CFDB61996E24F4F16F, ); defaultConfigurationIsVisible = 0; defaultConfigurationName = Release; };
		49A6CD41A58AA10A9802997E = { isa = XCConfigurationList; buildConfigurations = (BAC435B037607B50C4729BF1, 5DE0B96147C56CE7EB664EA3, ); defaultConfigurationIsVisible = 0; defaultConfigurationName = Release; };
		6650A2B5E24FA7522CE6B81C = { isa = XCConfigurationList; buildConfigurations = (ED8772ADEC3A6C25161BC957, 00F209874A1F7309F6DCEAA7, ); defaultConfigurationIsVisible = 0; defaultConfigurationName = Release; };
		98F54143AB4E86B28C3AFEE0 = { isa = PBXProject; attributes = { LastUpgradeCheck = 1640; TargetAttributes = { F75109BEB4DD8800DA6B45F8 = { CreatedOnToolsVersion = 16.4; }; C062A5A4A7F4F37DD90F54CB = { CreatedOnToolsVersion = 16.4; TestTargetID = F75109BEB4DD8800DA6B45F8; }; }; }; buildConfigurationList = 6650A2B5E24FA7522CE6B81C; compatibilityVersion = "Xcode 15.0"; developmentRegion = en; hasScannedForEncodings = 0; knownRegions = (en, Base); mainGroup = 870B3294C0CBD48AF6BBCC1B; productRefGroup = FBDC4F23F93125BBEEAE800C; packageReferences = (D69C3AEDFA58492604D62FDB, ); projectDirPath = ""; projectRoot = ""; targets = (F75109BEB4DD8800DA6B45F8, C062A5A4A7F4F37DD90F54CB, 794AAC98ACE6EB716B86C3A5, ); };
 };
 rootObject = 98F54143AB4E86B28C3AFEE0;
}
